
Microsoft Visual Studio Solution File, Format Version 12.00
# Visual Studio Version 17
VisualStudioVersion = 17.2.32526.322
MinimumVisualStudioVersion = 10.0.40219.1
Project("{FAE04EC0-301F-11D3-BF4B-00C04F79EFBC}") = "SerialMonitor", "SerialMonitor.csproj", "{C9162B57-807E-4569-A4A9-09FDBCB8DBCE}"
EndProject
Global
	GlobalSection(SolutionConfigurationPlatforms) = preSolution
		Debug|Any CPU = Debug|Any CPU
		Release|Any CPU = Release|Any CPU
	EndGlobalSection
	GlobalSection(ProjectConfigurationPlatforms) = postSolution
		{C9162B57-807E-4569-A4A9-09FDBCB8DBCE}.Debug|Any CPU.ActiveCfg = Debug|Any CPU
		{C9162B57-807E-4569-A4A9-09FDBCB8DBCE}.Debug|Any CPU.Build.0 = Debug|Any CPU
		{C9162B57-807E-4569-A4A9-09FDBCB8DBCE}.Release|Any CPU.ActiveCfg = Release|Any CPU
		{C9162B57-807E-4569-A4A9-09FDBCB8DBCE}.Release|Any CPU.Build.0 = Release|Any CPU
	EndGlobalSection
	GlobalSection(SolutionProperties) = preSolution
		HideSolutionNode = FALSE
	EndGlobalSection
	GlobalSection(ExtensibilityGlobals) = postSolution
		SolutionGuid = {A8447CC0-6DF7-45B3-BE1A-8EE023F58163}
	EndGlobalSection
EndGlobal
